
Microsoft Visual Studio Solution File, Format Version 12.00
# Visual Studio Version 17
VisualStudioVersion = 17.8.34511.84
MinimumVisualStudioVersion = 10.0.40219.1
Project("{9A19103F-16F7-4668-BE54-9A1E7A4F7556}") = "ConsoleApp.OutputDemo", "ConsoleApp.OutputDemo\ConsoleApp.OutputDemo.csproj", "{534B22AE-AEBF-457A-824D-81C4F289DE05}"
EndProject
Project("{9A19103F-16F7-4668-BE54-9A1E7A4F7556}") = "ConsoleApp.VariablesDemo", "ConsoleApp.VariablesDemo\ConsoleApp.VariablesDemo.csproj", "{AA276457-7DFA-4A1F-8185-9C067A6C060A}"
EndProject
Project("{9A19103F-16F7-4668-BE54-9A1E7A4F7556}") = "ConsoleApp.UserInputDemo", "ConsoleApp.UserInputDemo\ConsoleApp.UserInputDemo.csproj", "{4EEF96E6-481C-4540-AA27-490D68B60851}"
EndProject
Project("{9A19103F-16F7-4668-BE54-9A1E7A4F7556}") = "ConsoleApp.OperatorsDemo", "ConsoleApp.OperatorsDemo\ConsoleApp.OperatorsDemo.csproj", "{B16D61B1-BF7A-4AF1-B1A1-9054AFB62C7D}"
EndProject
Project("{9A19103F-16F7-4668-BE54-9A1E7A4F7556}") = "ConsoleApp.ConditionsDemo", "ConsoleApp.ConditionsDemo\ConsoleApp.ConditionsDemo.csproj", "{9C7EF600-1AF5-4654-8D37-1A699B4CC3FA}"
EndProject
Project("{9A19103F-16F7-4668-BE54-9A1E7A4F7556}") = "ConsoleApp.SampleCalculator", "ConsoleApp.SampleCalculator\ConsoleApp.SampleCalculator.csproj", "{19E11139-E6DA-4EED-ABAF-CF4BAF30F64A}"
EndProject
Project("{9A19103F-16F7-4668-BE54-9A1E7A4F7556}") = "ConsoleApp.LoopsDemo", "ConsoleApp.IterationsDemo\ConsoleApp.LoopsDemo.csproj", "{439729CC-2C58-4B2E-9191-8A3D2410F043}"
EndProject
Project("{FAE04EC0-301F-11D3-BF4B-00C04F79EFBC}") = "ConsoleApp.ErrorHandlingDemo", "ConsoleApp.ErrorHandlingDemo\ConsoleApp.ErrorHandlingDemo.csproj", "{F988468F-69FF-489F-A27E-30CA61341A5D}"
EndProject
Global
	GlobalSection(SolutionConfigurationPlatforms) = preSolution
		Debug|Any CPU = Debug|Any CPU
		Release|Any CPU = Release|Any CPU
	EndGlobalSection
	GlobalSection(ProjectConfigurationPlatforms) = postSolution
		{534B22AE-AEBF-457A-824D-81C4F289DE05}.Debug|Any CPU.ActiveCfg = Debug|Any CPU
		{534B22AE-AEBF-457A-824D-81C4F289DE05}.Debug|Any CPU.Build.0 = Debug|Any CPU
		{534B22AE-AEBF-457A-824D-81C4F289DE05}.Release|Any CPU.ActiveCfg = Release|Any CPU
		{534B22AE-AEBF-457A-824D-81C4F289DE05}.Release|Any CPU.Build.0 = Release|Any CPU
		{AA276457-7DFA-4A1F-8185-9C067A6C060A}.Debug|Any CPU.ActiveCfg = Debug|Any CPU
		{AA276457-7DFA-4A1F-8185-9C067A6C060A}.Debug|Any CPU.Build.0 = Debug|Any CPU
		{AA276457-7DFA-4A1F-8185-9C067A6C060A}.Release|Any CPU.ActiveCfg = Release|Any CPU
		{AA276457-7DFA-4A1F-8185-9C067A6C060A}.Release|Any CPU.Build.0 = Release|Any CPU
		{4EEF96E6-481C-4540-AA27-490D68B60851}.Debug|Any CPU.ActiveCfg = Debug|Any CPU
		{4EEF96E6-481C-4540-AA27-490D68B60851}.Debug|Any CPU.Build.0 = Debug|Any CPU
		{4EEF96E6-481C-4540-AA27-490D68B60851}.Release|Any CPU.ActiveCfg = Release|Any CPU
		{4EEF96E6-481C-4540-AA27-490D68B60851}.Release|Any CPU.Build.0 = Release|Any CPU
		{B16D61B1-BF7A-4AF1-B1A1-9054AFB62C7D}.Debug|Any CPU.ActiveCfg = Debug|Any CPU
		{B16D61B1-BF7A-4AF1-B1A1-9054AFB62C7D}.Debug|Any CPU.Build.0 = Debug|Any CPU
		{B16D61B1-BF7A-4AF1-B1A1-9054AFB62C7D}.Release|Any CPU.ActiveCfg = Release|Any CPU
		{B16D61B1-BF7A-4AF1-B1A1-9054AFB62C7D}.Release|Any CPU.Build.0 = Release|Any CPU
		{9C7EF600-1AF5-4654-8D37-1A699B4CC3FA}.Debug|Any CPU.ActiveCfg = Debug|Any CPU
		{9C7EF600-1AF5-4654-8D37-1A699B4CC3FA}.Debug|Any CPU.Build.0 = Debug|Any CPU
		{9C7EF600-1AF5-4654-8D37-1A699B4CC3FA}.Release|Any CPU.ActiveCfg = Release|Any CPU
		{9C7EF600-1AF5-4654-8D37-1A699B4CC3FA}.Release|Any CPU.Build.0 = Release|Any CPU
		{19E11139-E6DA-4EED-ABAF-CF4BAF30F64A}.Debug|Any CPU.ActiveCfg = Debug|Any CPU
		{19E11139-E6DA-4EED-ABAF-CF4BAF30F64A}.Debug|Any CPU.Build.0 = Debug|Any CPU
		{19E11139-E6DA-4EED-ABAF-CF4BAF30F64A}.Release|Any CPU.ActiveCfg = Release|Any CPU
		{19E11139-E6DA-4EED-ABAF-CF4BAF30F64A}.Release|Any CPU.Build.0 = Release|Any CPU
		{439729CC-2C58-4B2E-9191-8A3D2410F043}.Debug|Any CPU.ActiveCfg = Debug|Any CPU
		{439729CC-2C58-4B2E-9191-8A3D2410F043}.Debug|Any CPU.Build.0 = Debug|Any CPU
		{439729CC-2C58-4B2E-9191-8A3D2410F043}.Release|Any CPU.ActiveCfg = Release|Any CPU
		{439729CC-2C58-4B2E-9191-8A3D2410F043}.Release|Any CPU.Build.0 = Release|Any CPU
		{F988468F-69FF-489F-A27E-30CA61341A5D}.Debug|Any CPU.ActiveCfg = Debug|Any CPU
		{F988468F-69FF-489F-A27E-30CA61341A5D}.Debug|Any CPU.Build.0 = Debug|Any CPU
		{F988468F-69FF-489F-A27E-30CA61341A5D}.Release|Any CPU.ActiveCfg = Release|Any CPU
		{F988468F-69FF-489F-A27E-30CA61341A5D}.Release|Any CPU.Build.0 = Release|Any CPU
	EndGlobalSection
	GlobalSection(SolutionProperties) = preSolution
		HideSolutionNode = FALSE
	EndGlobalSection
	GlobalSection(ExtensibilityGlobals) = postSolution
		SolutionGuid = {1E45E3FA-BEB9-417D-913D-25273123D338}
	EndGlobalSection
EndGlobal
